
Microsoft Visual Studio Solution File, Format Version 12.00
# Visual Studio 15
VisualStudioVersion = 15.0.28307.106
MinimumVisualStudioVersion = 10.0.40219.1
Project("{FAE04EC0-301F-11D3-BF4B-00C04F79EFBC}") = "CommentModeration", "CommentModeration\CommentModeration.csproj", "{3F1D99E8-8B89-47E5-B171-C41EAA8B9109}"
EndProject
Global
	GlobalSection(SolutionConfigurationPlatforms) = preSolution
		Debug|Any CPU = Debug|Any CPU
		Release|Any CPU = Release|Any CPU
	EndGlobalSection
	GlobalSection(ProjectConfigurationPlatforms) = postSolution
		{3F1D99E8-8B89-47E5-B171-C41EAA8B9109}.Debug|Any CPU.ActiveCfg = Debug|Any CPU
		{3F1D99E8-8B89-47E5-B171-C41EAA8B9109}.Debug|Any CPU.Build.0 = Debug|Any CPU
		{3F1D99E8-8B89-47E5-B171-C41EAA8B9109}.Release|Any CPU.ActiveCfg = Release|Any CPU
		{3F1D99E8-8B89-47E5-B171-C41EAA8B9109}.Release|Any CPU.Build.0 = Release|Any CPU
	EndGlobalSection
	GlobalSection(SolutionProperties) = preSolution
		HideSolutionNode = FALSE
	EndGlobalSection
	GlobalSection(ExtensibilityGlobals) = postSolution
		SolutionGuid = {AE9F1D7B-1152-4020-896E-ADB50A56BDB9}
	EndGlobalSection
EndGlobal
